# This file is automatically @generated by Cargo.
# It is not intended for manual editing.
version = 4

[[package]]
name = "galahad"
version = "0.1.0"
dependencies = [
 "galahad-actix",
 "galahad-core",
 "galahad-seaorm",
]

[[package]]
name = "galahad-actix"
version = "0.1.0"

[[package]]
name = "galahad-core"
version = "0.1.0"

[[package]]
name = "galahad-seaorm"
version = "0.1.0"
